
Microsoft Visual Studio Solution File, Format Version 12.00
# Visual Studio 2012
Project("{FAE04EC0-301F-11D3-BF4B-00C04F79EFBC}") = "asafaweb.console", "asafaweb.console.csproj", "{1B7A3496-7FC5-4B35-A2FA-F07B00A9EC93}"
EndProject
Project("{FAE04EC0-301F-11D3-BF4B-00C04F79EFBC}") = "asafaweb.tests", "..\asafaweb.tests\asafaweb.tests.csproj", "{E17F129F-520F-413B-A202-D0AEC3DF989B}"
EndProject
Project("{2150E333-8FDC-42A3-9474-1A3956D46DE8}") = ".nuget", ".nuget", "{A409D618-AE76-457E-82C6-A068F15360F3}"
	ProjectSection(SolutionItems) = preProject
		.nuget\NuGet.Config = .nuget\NuGet.Config
		.nuget\NuGet.exe = .nuget\NuGet.exe
		.nuget\NuGet.targets = .nuget\NuGet.targets
	EndProjectSection
EndProject
Project("{FAE04EC0-301F-11D3-BF4B-00C04F79EFBC}") = "asafaweb.api", "..\asafaweb.api\asafaweb.api.csproj", "{C6C7DDBC-AE98-4108-AEBB-BD55B6D72633}"
EndProject
Global
	GlobalSection(SolutionConfigurationPlatforms) = preSolution
		Debug|Any CPU = Debug|Any CPU
		Release|Any CPU = Release|Any CPU
	EndGlobalSection
	GlobalSection(ProjectConfigurationPlatforms) = postSolution
		{1B7A3496-7FC5-4B35-A2FA-F07B00A9EC93}.Debug|Any CPU.ActiveCfg = Debug|Any CPU
		{1B7A3496-7FC5-4B35-A2FA-F07B00A9EC93}.Debug|Any CPU.Build.0 = Debug|Any CPU
		{1B7A3496-7FC5-4B35-A2FA-F07B00A9EC93}.Release|Any CPU.ActiveCfg = Release|Any CPU
		{1B7A3496-7FC5-4B35-A2FA-F07B00A9EC93}.Release|Any CPU.Build.0 = Release|Any CPU
		{E17F129F-520F-413B-A202-D0AEC3DF989B}.Debug|Any CPU.ActiveCfg = Debug|Any CPU
		{E17F129F-520F-413B-A202-D0AEC3DF989B}.Debug|Any CPU.Build.0 = Debug|Any CPU
		{E17F129F-520F-413B-A202-D0AEC3DF989B}.Release|Any CPU.ActiveCfg = Release|Any CPU
		{E17F129F-520F-413B-A202-D0AEC3DF989B}.Release|Any CPU.Build.0 = Release|Any CPU
		{C6C7DDBC-AE98-4108-AEBB-BD55B6D72633}.Debug|Any CPU.ActiveCfg = Debug|Any CPU
		{C6C7DDBC-AE98-4108-AEBB-BD55B6D72633}.Debug|Any CPU.Build.0 = Debug|Any CPU
		{C6C7DDBC-AE98-4108-AEBB-BD55B6D72633}.Release|Any CPU.ActiveCfg = Release|Any CPU
		{C6C7DDBC-AE98-4108-AEBB-BD55B6D72633}.Release|Any CPU.Build.0 = Release|Any CPU
	EndGlobalSection
	GlobalSection(SolutionProperties) = preSolution
		HideSolutionNode = FALSE
	EndGlobalSection
EndGlobal
